
Microsoft Visual Studio Solution File, Format Version 12.00
# Visual Studio Version 16
VisualStudioVersion = 16.0.30406.217
MinimumVisualStudioVersion = 10.0.40219.1
Project("{FAE04EC0-301F-11D3-BF4B-00C04F79EFBC}") = "RandomNameGenerator", "RandomNameGenerator.csproj", "{646EDD59-209D-442D-B9B9-0472FB60A2B9}"
EndProject
Global
	GlobalSection(SolutionConfigurationPlatforms) = preSolution
		Debug|Any CPU = Debug|Any CPU
		Release|Any CPU = Release|Any CPU
	EndGlobalSection
	GlobalSection(ProjectConfigurationPlatforms) = postSolution
		{646EDD59-209D-442D-B9B9-0472FB60A2B9}.Debug|Any CPU.ActiveCfg = Debug|Any CPU
		{646EDD59-209D-442D-B9B9-0472FB60A2B9}.Debug|Any CPU.Build.0 = Debug|Any CPU
		{646EDD59-209D-442D-B9B9-0472FB60A2B9}.Release|Any CPU.ActiveCfg = Release|Any CPU
		{646EDD59-209D-442D-B9B9-0472FB60A2B9}.Release|Any CPU.Build.0 = Release|Any CPU
	EndGlobalSection
	GlobalSection(SolutionProperties) = preSolution
		HideSolutionNode = FALSE
	EndGlobalSection
	GlobalSection(ExtensibilityGlobals) = postSolution
		SolutionGuid = {FABA149A-8520-4231-AC5C-54245191F711}
	EndGlobalSection
EndGlobal
